// !$*UTF8*$!
{
	archiveVersion = 1;
	classes = {
	};
	objectVersion = 52;
	objects = {

/* Begin PBXBuildFile section */
		4888A4694223266BB893DFB0 /* Pods_SpamML.framework in Frameworks */ = {isa = PBXBuildFile; fileRef = 01D4DA67FFB7E84B48B3D344 /* Pods_SpamML.framework */; };
		B80C32D9255869E2002E8730 /* EmailSpamClassifier.mlmodel in Sources */ = {isa = PBXBuildFile; fileRef = B80C32D8255869E2002E8730 /* EmailSpamClassifier.mlmodel */; };
		B80C32DF2558A268002E8730 /* AccountCard.swift in Sources */ = {isa = PBXBuildFile; fileRef = B80C32DE2558A268002E8730 /* AccountCard.swift */; };
		B80C32E32558A29D002E8730 /* AccountViewModel.swift in Sources */ = {isa = PBXBuildFile; fileRef = B80C32E22558A29D002E8730 /* AccountViewModel.swift */; };
		B815886425436102009195A0 /* SpamMLApp.swift in Sources */ = {isa = PBXBuildFile; fileRef = B815883B25436101009195A0 /* SpamMLApp.swift */; };
		B815886625436102009195A0 /* ContentView.swift in Sources */ = {isa = PBXBuildFile; fileRef = B815883C25436101009195A0 /* ContentView.swift */; };
		B815886825436102009195A0 /* Assets.xcassets in Resources */ = {isa = PBXBuildFile; fileRef = B815883D25436102009195A0 /* Assets.xcassets */; };
		B815888D2544DDE1009195A0 /* LocalAuthentication.framework in Frameworks */ = {isa = PBXBuildFile; fileRef = B815888C2544DDE1009195A0 /* LocalAuthentication.framework */; };
		B815888F2544DDEF009195A0 /* SafariServices.framework in Frameworks */ = {isa = PBXBuildFile; fileRef = B815888E2544DDEF009195A0 /* SafariServices.framework */; };
		B81588912544DDFD009195A0 /* AuthenticationServices.framework in Frameworks */ = {isa = PBXBuildFile; fileRef = B81588902544DDFD009195A0 /* AuthenticationServices.framework */; };
		B81588932544DE06009195A0 /* SystemConfiguration.framework in Frameworks */ = {isa = PBXBuildFile; fileRef = B81588922544DE06009195A0 /* SystemConfiguration.framework */; };
		B81588BE2544E114009195A0 /* GoogleSignInService.swift in Sources */ = {isa = PBXBuildFile; fileRef = B81588BD2544E114009195A0 /* GoogleSignInService.swift */; };
		B81588EE2544E8E3009195A0 /* LoginViewController.swift in Sources */ = {isa = PBXBuildFile; fileRef = B81588EC2544E8E3009195A0 /* LoginViewController.swift */; };
		B81588F02544E8E3009195A0 /* LoginViewController.xib in Resources */ = {isa = PBXBuildFile; fileRef = B81588ED2544E8E3009195A0 /* LoginViewController.xib */; };
		B825B3F625584CAD000BF777 /* IMAPAccountAuthenticationView.swift in Sources */ = {isa = PBXBuildFile; fileRef = B825B3F525584CAD000BF777 /* IMAPAccountAuthenticationView.swift */; };
		B825B3FB25584CC2000BF777 /* IMAPAccountViewModel.swift in Sources */ = {isa = PBXBuildFile; fileRef = B825B3FA25584CC2000BF777 /* IMAPAccountViewModel.swift */; };
		B869010A255F5833006E899E /* SpamMLUserDefaults.swift in Sources */ = {isa = PBXBuildFile; fileRef = B8690109255F5833006E899E /* SpamMLUserDefaults.swift */; };
		B869010D255F5C92006E899E /* EmailViewModel.swift in Sources */ = {isa = PBXBuildFile; fileRef = B869010C255F5C92006E899E /* EmailViewModel.swift */; };
		B8690110255F5E10006E899E /* EmailRow.swift in Sources */ = {isa = PBXBuildFile; fileRef = B869010F255F5E10006E899E /* EmailRow.swift */; };
		B88201AD2545948B0011B1E1 /* Keychain.swift in Sources */ = {isa = PBXBuildFile; fileRef = B88201AC2545948B0011B1E1 /* Keychain.swift */; };
		B88201B72546215F0011B1E1 /* GoogleUserInfo.swift in Sources */ = {isa = PBXBuildFile; fileRef = B88201B62546215F0011B1E1 /* GoogleUserInfo.swift */; };
		B88201EB25476E9C0011B1E1 /* IMAPCredentials.swift in Sources */ = {isa = PBXBuildFile; fileRef = B88201EA25476E9C0011B1E1 /* IMAPCredentials.swift */; };
		B8FA7E702544EE9200EAD17E /* MailCore2 in Frameworks */ = {isa = PBXBuildFile; productRef = B8FA7E6F2544EE9200EAD17E /* MailCore2 */; };
		B8FA7E862544FD2D00EAD17E /* Reachability in Frameworks */ = {isa = PBXBuildFile; productRef = B8FA7E852544FD2D00EAD17E /* Reachability */; };
/* End PBXBuildFile section */

/* Begin PBXFileReference section */
		01D4DA67FFB7E84B48B3D344 /* Pods_SpamML.framework */ = {isa = PBXFileReference; explicitFileType = wrapper.framework; includeInIndex = 0; path = Pods_SpamML.framework; sourceTree = BUILT_PRODUCTS_DIR; };
		73454F955579D9C2BBE6B5E9 /* Pods-SpamML.release.xcconfig */ = {isa = PBXFileReference; includeInIndex = 1; lastKnownFileType = text.xcconfig; name = "Pods-SpamML.release.xcconfig"; path = "Target Support Files/Pods-SpamML/Pods-SpamML.release.xcconfig"; sourceTree = "<group>"; };
		A44487CF782A9CD07081D4DF /* Pods-SpamML.debug.xcconfig */ = {isa = PBXFileReference; includeInIndex = 1; lastKnownFileType = text.xcconfig; name = "Pods-SpamML.debug.xcconfig"; path = "Target Support Files/Pods-SpamML/Pods-SpamML.debug.xcconfig"; sourceTree = "<group>"; };
		B80C32D8255869E2002E8730 /* EmailSpamClassifier.mlmodel */ = {isa = PBXFileReference; lastKnownFileType = file.mlmodel; path = EmailSpamClassifier.mlmodel; sourceTree = "<group>"; };
		B80C32DE2558A268002E8730 /* AccountCard.swift */ = {isa = PBXFileReference; lastKnownFileType = sourcecode.swift; path = AccountCard.swift; sourceTree = "<group>"; };
		B80C32E22558A29D002E8730 /* AccountViewModel.swift */ = {isa = PBXFileReference; lastKnownFileType = sourcecode.swift; path = AccountViewModel.swift; sourceTree = "<group>"; };
		B815883B25436101009195A0 /* SpamMLApp.swift */ = {isa = PBXFileReference; lastKnownFileType = sourcecode.swift; path = SpamMLApp.swift; sourceTree = "<group>"; };
		B815883C25436101009195A0 /* ContentView.swift */ = {isa = PBXFileReference; lastKnownFileType = sourcecode.swift; path = ContentView.swift; sourceTree = "<group>"; };
		B815883D25436102009195A0 /* Assets.xcassets */ = {isa = PBXFileReference; lastKnownFileType = folder.assetcatalog; path = Assets.xcassets; sourceTree = "<group>"; };
		B815884225436102009195A0 /* SpamML.app */ = {isa = PBXFileReference; explicitFileType = wrapper.application; includeInIndex = 0; path = SpamML.app; sourceTree = BUILT_PRODUCTS_DIR; };
		B815888C2544DDE1009195A0 /* LocalAuthentication.framework */ = {isa = PBXFileReference; lastKnownFileType = wrapper.framework; name = LocalAuthentication.framework; path = Platforms/iPhoneOS.platform/Developer/SDKs/iPhoneOS14.2.sdk/System/Library/Frameworks/LocalAuthentication.framework; sourceTree = DEVELOPER_DIR; };
		B815888E2544DDEF009195A0 /* SafariServices.framework */ = {isa = PBXFileReference; lastKnownFileType = wrapper.framework; name = SafariServices.framework; path = Platforms/iPhoneOS.platform/Developer/SDKs/iPhoneOS14.2.sdk/System/Library/Frameworks/SafariServices.framework; sourceTree = DEVELOPER_DIR; };
		B81588902544DDFD009195A0 /* AuthenticationServices.framework */ = {isa = PBXFileReference; lastKnownFileType = wrapper.framework; name = AuthenticationServices.framework; path = Platforms/iPhoneOS.platform/Developer/SDKs/iPhoneOS14.2.sdk/System/Library/Frameworks/AuthenticationServices.framework; sourceTree = DEVELOPER_DIR; };
		B81588922544DE06009195A0 /* SystemConfiguration.framework */ = {isa = PBXFileReference; lastKnownFileType = wrapper.framework; name = SystemConfiguration.framework; path = Platforms/iPhoneOS.platform/Developer/SDKs/iPhoneOS14.2.sdk/System/Library/Frameworks/SystemConfiguration.framework; sourceTree = DEVELOPER_DIR; };
		B81588942544DE17009195A0 /* SafariServices.framework */ = {isa = PBXFileReference; lastKnownFileType = wrapper.framework; name = SafariServices.framework; path = System/Library/Frameworks/SafariServices.framework; sourceTree = SDKROOT; };
		B81588962544DE1C009195A0 /* AuthenticationServices.framework */ = {isa = PBXFileReference; lastKnownFileType = wrapper.framework; name = AuthenticationServices.framework; path = System/Library/Frameworks/AuthenticationServices.framework; sourceTree = SDKROOT; };
		B81588982544DE20009195A0 /* LocalAuthentication.framework */ = {isa = PBXFileReference; lastKnownFileType = wrapper.framework; name = LocalAuthentication.framework; path = System/Library/Frameworks/LocalAuthentication.framework; sourceTree = SDKROOT; };
		B815889A2544DE28009195A0 /* SystemConfiguration.framework */ = {isa = PBXFileReference; lastKnownFileType = wrapper.framework; name = SystemConfiguration.framework; path = System/Library/Frameworks/SystemConfiguration.framework; sourceTree = SDKROOT; };
		B81588BD2544E114009195A0 /* GoogleSignInService.swift */ = {isa = PBXFileReference; lastKnownFileType = sourcecode.swift; path = GoogleSignInService.swift; sourceTree = "<group>"; };
		B81588EC2544E8E3009195A0 /* LoginViewController.swift */ = {isa = PBXFileReference; lastKnownFileType = sourcecode.swift; path = LoginViewController.swift; sourceTree = "<group>"; };
		B81588ED2544E8E3009195A0 /* LoginViewController.xib */ = {isa = PBXFileReference; lastKnownFileType = file.xib; path = LoginViewController.xib; sourceTree = "<group>"; };
		B825B3F525584CAD000BF777 /* IMAPAccountAuthenticationView.swift */ = {isa = PBXFileReference; fileEncoding = 4; lastKnownFileType = sourcecode.swift; path = IMAPAccountAuthenticationView.swift; sourceTree = "<group>"; };
		B825B3FA25584CC2000BF777 /* IMAPAccountViewModel.swift */ = {isa = PBXFileReference; fileEncoding = 4; lastKnownFileType = sourcecode.swift; path = IMAPAccountViewModel.swift; sourceTree = "<group>"; };
		B8690109255F5833006E899E /* SpamMLUserDefaults.swift */ = {isa = PBXFileReference; lastKnownFileType = sourcecode.swift; path = SpamMLUserDefaults.swift; sourceTree = "<group>"; };
		B869010C255F5C92006E899E /* EmailViewModel.swift */ = {isa = PBXFileReference; lastKnownFileType = sourcecode.swift; path = EmailViewModel.swift; sourceTree = "<group>"; };
		B869010F255F5E10006E899E /* EmailRow.swift */ = {isa = PBXFileReference; lastKnownFileType = sourcecode.swift; path = EmailRow.swift; sourceTree = "<group>"; };
		B88201AC2545948B0011B1E1 /* Keychain.swift */ = {isa = PBXFileReference; fileEncoding = 4; lastKnownFileType = sourcecode.swift; path = Keychain.swift; sourceTree = "<group>"; };
		B88201B62546215F0011B1E1 /* GoogleUserInfo.swift */ = {isa = PBXFileReference; lastKnownFileType = sourcecode.swift; path = GoogleUserInfo.swift; sourceTree = "<group>"; };
		B88201EA25476E9C0011B1E1 /* IMAPCredentials.swift */ = {isa = PBXFileReference; fileEncoding = 4; lastKnownFileType = sourcecode.swift; path = IMAPCredentials.swift; sourceTree = "<group>"; };
		B8FA7E732544EEA000EAD17E /* SpamML.entitlements */ = {isa = PBXFileReference; lastKnownFileType = text.plist.entitlements; path = SpamML.entitlements; sourceTree = "<group>"; };
		B8FA7E7E2544F29A00EAD17E /* Info.plist */ = {isa = PBXFileReference; fileEncoding = 4; lastKnownFileType = text.plist.xml; path = Info.plist; sourceTree = "<group>"; };
/* End PBXFileReference section */

/* Begin PBXFrameworksBuildPhase section */
		B815883F25436102009195A0 /* Frameworks */ = {
			isa = PBXFrameworksBuildPhase;
			buildActionMask = 2147483647;
			files = (
				B8FA7E702544EE9200EAD17E /* MailCore2 in Frameworks */,
				B8FA7E862544FD2D00EAD17E /* Reachability in Frameworks */,
				B81588912544DDFD009195A0 /* AuthenticationServices.framework in Frameworks */,
				B815888D2544DDE1009195A0 /* LocalAuthentication.framework in Frameworks */,
				B815888F2544DDEF009195A0 /* SafariServices.framework in Frameworks */,
				B81588932544DE06009195A0 /* SystemConfiguration.framework in Frameworks */,
				4888A4694223266BB893DFB0 /* Pods_SpamML.framework in Frameworks */,
			);
			runOnlyForDeploymentPostprocessing = 0;
		};
/* End PBXFrameworksBuildPhase section */

/* Begin PBXGroup section */
		5701522F218B33107B3DE64E /* Pods */ = {
			isa = PBXGroup;
			children = (
				A44487CF782A9CD07081D4DF /* Pods-SpamML.debug.xcconfig */,
				73454F955579D9C2BBE6B5E9 /* Pods-SpamML.release.xcconfig */,
			);
			path = Pods;
			sourceTree = "<group>";
		};
		B80C32DB255869E6002E8730 /* Machine Learning */ = {
			isa = PBXGroup;
			children = (
				B80C32D8255869E2002E8730 /* EmailSpamClassifier.mlmodel */,
			);
			path = "Machine Learning";
			sourceTree = "<group>";
		};
		B80C32E12558A282002E8730 /* Account Display */ = {
			isa = PBXGroup;
			children = (
				B80C32E22558A29D002E8730 /* AccountViewModel.swift */,
				B869010C255F5C92006E899E /* EmailViewModel.swift */,
			);
			path = "Account Display";
			sourceTree = "<group>";
		};
		B815883525436101009195A0 = {
			isa = PBXGroup;
			children = (
				B815883A25436101009195A0 /* SpamML */,
				B815884325436102009195A0 /* Products */,
				B815888B2544DDE1009195A0 /* Frameworks */,
				5701522F218B33107B3DE64E /* Pods */,
			);
			sourceTree = "<group>";
		};
		B815883A25436101009195A0 /* SpamML */ = {
			isa = PBXGroup;
			children = (
				B815883B25436101009195A0 /* SpamMLApp.swift */,
				B81588CD2544E490009195A0 /* User Interface */,
				B825B3F825584CC2000BF777 /* View Models */,
				B88201B32546213F0011B1E1 /* Models */,
				B88201AF254620AA0011B1E1 /* API Services */,
				B88201AB254594760011B1E1 /* Helpers & Extensions */,
				B80C32DB255869E6002E8730 /* Machine Learning */,
				B815883D25436102009195A0 /* Assets.xcassets */,
				B8FA7E732544EEA000EAD17E /* SpamML.entitlements */,
				B8FA7E7E2544F29A00EAD17E /* Info.plist */,
			);
			path = SpamML;
			sourceTree = "<group>";
		};
		B815884325436102009195A0 /* Products */ = {
			isa = PBXGroup;
			children = (
				B815884225436102009195A0 /* SpamML.app */,
			);
			name = Products;
			sourceTree = "<group>";
		};
		B815888B2544DDE1009195A0 /* Frameworks */ = {
			isa = PBXGroup;
			children = (
				B815889A2544DE28009195A0 /* SystemConfiguration.framework */,
				B81588982544DE20009195A0 /* LocalAuthentication.framework */,
				B81588962544DE1C009195A0 /* AuthenticationServices.framework */,
				B81588942544DE17009195A0 /* SafariServices.framework */,
				B81588922544DE06009195A0 /* SystemConfiguration.framework */,
				B81588902544DDFD009195A0 /* AuthenticationServices.framework */,
				B815888E2544DDEF009195A0 /* SafariServices.framework */,
				B815888C2544DDE1009195A0 /* LocalAuthentication.framework */,
				01D4DA67FFB7E84B48B3D344 /* Pods_SpamML.framework */,
			);
			name = Frameworks;
			sourceTree = "<group>";
		};
		B81588C82544E488009195A0 /* Google */ = {
			isa = PBXGroup;
			children = (
				B88201B1254620E30011B1E1 /* Sign In */,
			);
			path = Google;
			sourceTree = "<group>";
		};
		B81588CD2544E490009195A0 /* User Interface */ = {
			isa = PBXGroup;
			children = (
				B81588E32544E8B2009195A0 /* SwiftUI */,
				B81588E22544E8AD009195A0 /* UIKit */,
			);
			path = "User Interface";
			sourceTree = "<group>";
		};
		B81588E22544E8AD009195A0 /* UIKit */ = {
			isa = PBXGroup;
			children = (
				B81588F62544E8E7009195A0 /* Login */,
			);
			path = UIKit;
			sourceTree = "<group>";
		};
		B81588E32544E8B2009195A0 /* SwiftUI */ = {
			isa = PBXGroup;
			children = (
				B815883C25436101009195A0 /* ContentView.swift */,
				B8690112255F5E14006E899E /* Account Card */,
				B825B3F425584CAD000BF777 /* Login */,
			);
			path = SwiftUI;
			sourceTree = "<group>";
		};
		B81588F62544E8E7009195A0 /* Login */ = {
			isa = PBXGroup;
			children = (
				B81588EC2544E8E3009195A0 /* LoginViewController.swift */,
				B81588ED2544E8E3009195A0 /* LoginViewController.xib */,
			);
			path = Login;
			sourceTree = "<group>";
		};
		B825B3F425584CAD000BF777 /* Login */ = {
			isa = PBXGroup;
			children = (
				B825B3F525584CAD000BF777 /* IMAPAccountAuthenticationView.swift */,
			);
			path = Login;
			sourceTree = "<group>";
		};
		B825B3F825584CC2000BF777 /* View Models */ = {
			isa = PBXGroup;
			children = (
				B80C32E12558A282002E8730 /* Account Display */,
				B825B3F925584CC2000BF777 /* Account Authentication */,
			);
			path = "View Models";
			sourceTree = "<group>";
		};
		B825B3F925584CC2000BF777 /* Account Authentication */ = {
			isa = PBXGroup;
			children = (
				B825B3FA25584CC2000BF777 /* IMAPAccountViewModel.swift */,
			);
			path = "Account Authentication";
			sourceTree = "<group>";
		};
		B8690112255F5E14006E899E /* Account Card */ = {
			isa = PBXGroup;
			children = (
				B80C32DE2558A268002E8730 /* AccountCard.swift */,
				B869010F255F5E10006E899E /* EmailRow.swift */,
			);
			path = "Account Card";
			sourceTree = "<group>";
		};
		B88201AB254594760011B1E1 /* Helpers & Extensions */ = {
			isa = PBXGroup;
			children = (
				B88201AC2545948B0011B1E1 /* Keychain.swift */,
				B8690109255F5833006E899E /* SpamMLUserDefaults.swift */,
			);
			path = "Helpers & Extensions";
			sourceTree = "<group>";
		};
		B88201AF254620AA0011B1E1 /* API Services */ = {
			isa = PBXGroup;
			children = (
				B81588C82544E488009195A0 /* Google */,
			);
			path = "API Services";
			sourceTree = "<group>";
		};
		B88201B1254620E30011B1E1 /* Sign In */ = {
			isa = PBXGroup;
			children = (
				B81588BD2544E114009195A0 /* GoogleSignInService.swift */,
			);
			path = "Sign In";
			sourceTree = "<group>";
		};
		B88201B32546213F0011B1E1 /* Models */ = {
			isa = PBXGroup;
			children = (
				B88201E925476E9C0011B1E1 /* IMAP */,
				B88201B4254621460011B1E1 /* Google APIs */,
			);
			path = Models;
			sourceTree = "<group>";
		};
		B88201B4254621460011B1E1 /* Google APIs */ = {
			isa = PBXGroup;
			children = (
				B88201B5254621510011B1E1 /* User Info */,
			);
			path = "Google APIs";
			sourceTree = "<group>";
		};
		B88201B5254621510011B1E1 /* User Info */ = {
			isa = PBXGroup;
			children = (
				B88201B62546215F0011B1E1 /* GoogleUserInfo.swift */,
			);
			path = "User Info";
			sourceTree = "<group>";
		};
		B88201E925476E9C0011B1E1 /* IMAP */ = {
			isa = PBXGroup;
			children = (
				B88201EA25476E9C0011B1E1 /* IMAPCredentials.swift */,
			);
			path = IMAP;
			sourceTree = "<group>";
		};
/* End PBXGroup section */

/* Begin PBXNativeTarget section */
		B815884125436102009195A0 /* SpamML */ = {
			isa = PBXNativeTarget;
			buildConfigurationList = B815886C25436102009195A0 /* Build configuration list for PBXNativeTarget "SpamML" */;
			buildPhases = (
				F6516D3FC0F69D65CA5C36EC /* [CP] Check Pods Manifest.lock */,
				B815883E25436102009195A0 /* Sources */,
				B815883F25436102009195A0 /* Frameworks */,
				B815884025436102009195A0 /* Resources */,
				1FDAE7B9CA88B3C67B3E4B6F /* [CP] Embed Pods Frameworks */,
			);
			buildRules = (
			);
			dependencies = (
			);
			name = SpamML;
			packageProductDependencies = (
				B8FA7E6F2544EE9200EAD17E /* MailCore2 */,
				B8FA7E852544FD2D00EAD17E /* Reachability */,
			);
			productName = "SpamML (iOS)";
			productReference = B815884225436102009195A0 /* SpamML.app */;
			productType = "com.apple.product-type.application";
		};
/* End PBXNativeTarget section */

/* Begin PBXProject section */
		B815883625436101009195A0 /* Project object */ = {
			isa = PBXProject;
			attributes = {
				LastSwiftUpdateCheck = 1220;
				LastUpgradeCheck = 1220;
				TargetAttributes = {
					B815884125436102009195A0 = {
						CreatedOnToolsVersion = 12.2;
						LastSwiftMigration = 1220;
					};
				};
			};
			buildConfigurationList = B815883925436101009195A0 /* Build configuration list for PBXProject "SpamML" */;
			compatibilityVersion = "Xcode 9.3";
			developmentRegion = en;
			hasScannedForEncodings = 0;
			knownRegions = (
				en,
				Base,
			);
			mainGroup = B815883525436101009195A0;
			packageReferences = (
				B8FA7E6E2544EE9200EAD17E /* XCRemoteSwiftPackageReference "mailcore2" */,
				B8FA7E842544FD2D00EAD17E /* XCRemoteSwiftPackageReference "Reachability" */,
			);
			productRefGroup = B815884325436102009195A0 /* Products */;
			projectDirPath = "";
			projectRoot = "";
			targets = (
				B815884125436102009195A0 /* SpamML */,
			);
		};
/* End PBXProject section */

/* Begin PBXResourcesBuildPhase section */
		B815884025436102009195A0 /* Resources */ = {
			isa = PBXResourcesBuildPhase;
			buildActionMask = 2147483647;
			files = (
				B815886825436102009195A0 /* Assets.xcassets in Resources */,
				B81588F02544E8E3009195A0 /* LoginViewController.xib in Resources */,
			);
			runOnlyForDeploymentPostprocessing = 0;
		};
/* End PBXResourcesBuildPhase section */

/* Begin PBXShellScriptBuildPhase section */
		1FDAE7B9CA88B3C67B3E4B6F /* [CP] Embed Pods Frameworks */ = {
			isa = PBXShellScriptBuildPhase;
			buildActionMask = 2147483647;
			files = (
			);
			inputFileListPaths = (
				"${PODS_ROOT}/Target Support Files/Pods-SpamML/Pods-SpamML-frameworks-${CONFIGURATION}-input-files.xcfilelist",
			);
			name = "[CP] Embed Pods Frameworks";
			outputFileListPaths = (
				"${PODS_ROOT}/Target Support Files/Pods-SpamML/Pods-SpamML-frameworks-${CONFIGURATION}-output-files.xcfilelist",
			);
			runOnlyForDeploymentPostprocessing = 0;
			shellPath = /bin/sh;
			shellScript = "\"${PODS_ROOT}/Target Support Files/Pods-SpamML/Pods-SpamML-frameworks.sh\"\n";
			showEnvVarsInLog = 0;
		};
		F6516D3FC0F69D65CA5C36EC /* [CP] Check Pods Manifest.lock */ = {
			isa = PBXShellScriptBuildPhase;
			buildActionMask = 2147483647;
			files = (
			);
			inputFileListPaths = (
			);
			inputPaths = (
				"${PODS_PODFILE_DIR_PATH}/Podfile.lock",
				"${PODS_ROOT}/Manifest.lock",
			);
			name = "[CP] Check Pods Manifest.lock";
			outputFileListPaths = (
			);
			outputPaths = (
				"$(DERIVED_FILE_DIR)/Pods-SpamML-checkManifestLockResult.txt",
			);
			runOnlyForDeploymentPostprocessing = 0;
			shellPath = /bin/sh;
			shellScript = "diff \"${PODS_PODFILE_DIR_PATH}/Podfile.lock\" \"${PODS_ROOT}/Manifest.lock\" > /dev/null\nif [ $? != 0 ] ; then\n    # print error to STDERR\n    echo \"error: The sandbox is not in sync with the Podfile.lock. Run 'pod install' or update your CocoaPods installation.\" >&2\n    exit 1\nfi\n# This output is used by Xcode 'outputs' to avoid re-running this script phase.\necho \"SUCCESS\" > \"${SCRIPT_OUTPUT_FILE_0}\"\n";
			showEnvVarsInLog = 0;
		};
/* End PBXShellScriptBuildPhase section */

/* Begin PBXSourcesBuildPhase section */
		B815883E25436102009195A0 /* Sources */ = {
			isa = PBXSourcesBuildPhase;
			buildActionMask = 2147483647;
			files = (
				B815886625436102009195A0 /* ContentView.swift in Sources */,
				B88201EB25476E9C0011B1E1 /* IMAPCredentials.swift in Sources */,
				B825B3F625584CAD000BF777 /* IMAPAccountAuthenticationView.swift in Sources */,
				B88201AD2545948B0011B1E1 /* Keychain.swift in Sources */,
				B81588BE2544E114009195A0 /* GoogleSignInService.swift in Sources */,
				B869010A255F5833006E899E /* SpamMLUserDefaults.swift in Sources */,
				B8690110255F5E10006E899E /* EmailRow.swift in Sources */,
				B81588EE2544E8E3009195A0 /* LoginViewController.swift in Sources */,
				B815886425436102009195A0 /* SpamMLApp.swift in Sources */,
				B80C32DF2558A268002E8730 /* AccountCard.swift in Sources */,
				B869010D255F5C92006E899E /* EmailViewModel.swift in Sources */,
				B80C32D9255869E2002E8730 /* EmailSpamClassifier.mlmodel in Sources */,
				B825B3FB25584CC2000BF777 /* IMAPAccountViewModel.swift in Sources */,
				B80C32E32558A29D002E8730 /* AccountViewModel.swift in Sources */,
				B88201B72546215F0011B1E1 /* GoogleUserInfo.swift in Sources */,
			);
			runOnlyForDeploymentPostprocessing = 0;
		};
/* End PBXSourcesBuildPhase section */

/* Begin XCBuildConfiguration section */
		B815886A25436102009195A0 /* Debug */ = {
			isa = XCBuildConfiguration;
			buildSettings = {
				ALWAYS_SEARCH_USER_PATHS = NO;
				CLANG_ANALYZER_NONNULL = YES;
				CLANG_ANALYZER_NUMBER_OBJECT_CONVERSION = YES_AGGRESSIVE;
				CLANG_CXX_LANGUAGE_STANDARD = "gnu++14";
				CLANG_CXX_LIBRARY = "libc++";
				CLANG_ENABLE_MODULES = YES;
				CLANG_ENABLE_OBJC_ARC = YES;
				CLANG_ENABLE_OBJC_WEAK = YES;
				CLANG_WARN_BLOCK_CAPTURE_AUTORELEASING = YES;
				CLANG_WARN_BOOL_CONVERSION = YES;
				CLANG_WARN_COMMA = YES;
				CLANG_WARN_CONSTANT_CONVERSION = YES;
				CLANG_WARN_DEPRECATED_OBJC_IMPLEMENTATIONS = YES;
				CLANG_WARN_DIRECT_OBJC_ISA_USAGE = YES_ERROR;
				CLANG_WARN_DOCUMENTATION_COMMENTS = YES;
				CLANG_WARN_EMPTY_BODY = YES;
				CLANG_WARN_ENUM_CONVERSION = YES;
				CLANG_WARN_INFINITE_RECURSION = YES;
				CLANG_WARN_INT_CONVERSION = YES;
				CLANG_WARN_NON_LITERAL_NULL_CONVERSION = YES;
				CLANG_WARN_OBJC_IMPLICIT_RETAIN_SELF = YES;
				CLANG_WARN_OBJC_LITERAL_CONVERSION = YES;
				CLANG_WARN_OBJC_ROOT_CLASS = YES_ERROR;
				CLANG_WARN_QUOTED_INCLUDE_IN_FRAMEWORK_HEADER = YES;
				CLANG_WARN_RANGE_LOOP_ANALYSIS = YES;
				CLANG_WARN_STRICT_PROTOTYPES = YES;
				CLANG_WARN_SUSPICIOUS_MOVE = YES;
				CLANG_WARN_UNGUARDED_AVAILABILITY = YES_AGGRESSIVE;
				CLANG_WARN_UNREACHABLE_CODE = YES;
				CLANG_WARN__DUPLICATE_METHOD_MATCH = YES;
				COPY_PHASE_STRIP = NO;
				DEBUG_INFORMATION_FORMAT = dwarf;
				ENABLE_STRICT_OBJC_MSGSEND = YES;
				ENABLE_TESTABILITY = YES;
				GCC_C_LANGUAGE_STANDARD = gnu11;
				GCC_DYNAMIC_NO_PIC = NO;
				GCC_NO_COMMON_BLOCKS = YES;
				GCC_OPTIMIZATION_LEVEL = 0;
				GCC_PREPROCESSOR_DEFINITIONS = (
					"DEBUG=1",
					"$(inherited)",
				);
				GCC_WARN_64_TO_32_BIT_CONVERSION = YES;
				GCC_WARN_ABOUT_RETURN_TYPE = YES_ERROR;
				GCC_WARN_UNDECLARED_SELECTOR = YES;
				GCC_WARN_UNINITIALIZED_AUTOS = YES_AGGRESSIVE;
				GCC_WARN_UNUSED_FUNCTION = YES;
				GCC_WARN_UNUSED_VARIABLE = YES;
				MTL_ENABLE_DEBUG_INFO = INCLUDE_SOURCE;
				MTL_FAST_MATH = YES;
				ONLY_ACTIVE_ARCH = YES;
				SWIFT_ACTIVE_COMPILATION_CONDITIONS = DEBUG;
				SWIFT_OPTIMIZATION_LEVEL = "-Onone";
			};
			name = Debug;
		};
		B815886B25436102009195A0 /* Release */ = {
			isa = XCBuildConfiguration;
			buildSettings = {
				ALWAYS_SEARCH_USER_PATHS = NO;
				CLANG_ANALYZER_NONNULL = YES;
				CLANG_ANALYZER_NUMBER_OBJECT_CONVERSION = YES_AGGRESSIVE;
				CLANG_CXX_LANGUAGE_STANDARD = "gnu++14";
				CLANG_CXX_LIBRARY = "libc++";
				CLANG_ENABLE_MODULES = YES;
				CLANG_ENABLE_OBJC_ARC = YES;
				CLANG_ENABLE_OBJC_WEAK = YES;
				CLANG_WARN_BLOCK_CAPTURE_AUTORELEASING = YES;
				CLANG_WARN_BOOL_CONVERSION = YES;
				CLANG_WARN_COMMA = YES;
				CLANG_WARN_CONSTANT_CONVERSION = YES;
				CLANG_WARN_DEPRECATED_OBJC_IMPLEMENTATIONS = YES;
				CLANG_WARN_DIRECT_OBJC_ISA_USAGE = YES_ERROR;
				CLANG_WARN_DOCUMENTATION_COMMENTS = YES;
				CLANG_WARN_EMPTY_BODY = YES;
				CLANG_WARN_ENUM_CONVERSION = YES;
				CLANG_WARN_INFINITE_RECURSION = YES;
				CLANG_WARN_INT_CONVERSION = YES;
				CLANG_WARN_NON_LITERAL_NULL_CONVERSION = YES;
				CLANG_WARN_OBJC_IMPLICIT_RETAIN_SELF = YES;
				CLANG_WARN_OBJC_LITERAL_CONVERSION = YES;
				CLANG_WARN_OBJC_ROOT_CLASS = YES_ERROR;
				CLANG_WARN_QUOTED_INCLUDE_IN_FRAMEWORK_HEADER = YES;
				CLANG_WARN_RANGE_LOOP_ANALYSIS = YES;
				CLANG_WARN_STRICT_PROTOTYPES = YES;
				CLANG_WARN_SUSPICIOUS_MOVE = YES;
				CLANG_WARN_UNGUARDED_AVAILABILITY = YES_AGGRESSIVE;
				CLANG_WARN_UNREACHABLE_CODE = YES;
				CLANG_WARN__DUPLICATE_METHOD_MATCH = YES;
				COPY_PHASE_STRIP = NO;
				DEBUG_INFORMATION_FORMAT = "dwarf-with-dsym";
				ENABLE_NS_ASSERTIONS = NO;
				ENABLE_STRICT_OBJC_MSGSEND = YES;
				GCC_C_LANGUAGE_STANDARD = gnu11;
				GCC_NO_COMMON_BLOCKS = YES;
				GCC_WARN_64_TO_32_BIT_CONVERSION = YES;
				GCC_WARN_ABOUT_RETURN_TYPE = YES_ERROR;
				GCC_WARN_UNDECLARED_SELECTOR = YES;
				GCC_WARN_UNINITIALIZED_AUTOS = YES_AGGRESSIVE;
				GCC_WARN_UNUSED_FUNCTION = YES;
				GCC_WARN_UNUSED_VARIABLE = YES;
				MTL_ENABLE_DEBUG_INFO = NO;
				MTL_FAST_MATH = YES;
				SWIFT_COMPILATION_MODE = wholemodule;
				SWIFT_OPTIMIZATION_LEVEL = "-O";
			};
			name = Release;
		};
		B815886D25436102009195A0 /* Debug */ = {
			isa = XCBuildConfiguration;
			baseConfigurationReference = A44487CF782A9CD07081D4DF /* Pods-SpamML.debug.xcconfig */;
			buildSettings = {
				ASSETCATALOG_COMPILER_APPICON_NAME = AppIcon;
				ASSETCATALOG_COMPILER_GLOBAL_ACCENT_COLOR_NAME = AccentColor;
				CLANG_ENABLE_MODULES = YES;
				CODE_SIGN_ENTITLEMENTS = SpamML/SpamML.entitlements;
				CODE_SIGN_STYLE = Automatic;
				DEVELOPMENT_TEAM = AP48SCT3J2;
				ENABLE_PREVIEWS = YES;
				FRAMEWORK_SEARCH_PATHS = (
					"$(inherited)",
					"$(PROJECT_DIR)/SpamML/Frameworks",
				);
				INFOPLIST_FILE = SpamML/Info.plist;
				IPHONEOS_DEPLOYMENT_TARGET = 14.0;
				LD_RUNPATH_SEARCH_PATHS = (
					"$(inherited)",
					"@executable_path/Frameworks",
				);
				OTHER_LDFLAGS = (
					"$(OTHER_LDFLAGS)",
					"-ObjC",
				);
				PRODUCT_BUNDLE_IDENTIFIER = com.CollinDeWaters.SpamML;
				PRODUCT_NAME = SpamML;
				SDKROOT = iphoneos;
				SUPPORTS_MACCATALYST = YES;
				SWIFT_OPTIMIZATION_LEVEL = "-Onone";
				SWIFT_VERSION = 5.0;
				TARGETED_DEVICE_FAMILY = "1,2,6";
			};
			name = Debug;
		};
		B815886E25436102009195A0 /* Release */ = {
			isa = XCBuildConfiguration;
			baseConfigurationReference = 73454F955579D9C2BBE6B5E9 /* Pods-SpamML.release.xcconfig */;
			buildSettings = {
				ASSETCATALOG_COMPILER_APPICON_NAME = AppIcon;
				ASSETCATALOG_COMPILER_GLOBAL_ACCENT_COLOR_NAME = AccentColor;
				CLANG_ENABLE_MODULES = YES;
				CODE_SIGN_ENTITLEMENTS = SpamML/SpamML.entitlements;
				CODE_SIGN_STYLE = Automatic;
				DEVELOPMENT_TEAM = AP48SCT3J2;
				ENABLE_PREVIEWS = YES;
				FRAMEWORK_SEARCH_PATHS = (
					"$(inherited)",
					"$(PROJECT_DIR)/SpamML/Frameworks",
				);
				INFOPLIST_FILE = SpamML/Info.plist;
				IPHONEOS_DEPLOYMENT_TARGET = 14.0;
				LD_RUNPATH_SEARCH_PATHS = (
					"$(inherited)",
					"@executable_path/Frameworks",
				);
				OTHER_LDFLAGS = (
					"$(OTHER_LDFLAGS)",
					"-ObjC",
				);
				PRODUCT_BUNDLE_IDENTIFIER = com.CollinDeWaters.SpamML;
				PRODUCT_NAME = SpamML;
				SDKROOT = iphoneos;
				SUPPORTS_MACCATALYST = YES;
				SWIFT_VERSION = 5.0;
				TARGETED_DEVICE_FAMILY = "1,2,6";
				VALIDATE_PRODUCT = YES;
			};
			name = Release;
		};
/* End XCBuildConfiguration section */

/* Begin XCConfigurationList section */
		B815883925436101009195A0 /* Build configuration list for PBXProject "SpamML" */ = {
			isa = XCConfigurationList;
			buildConfigurations = (
				B815886A25436102009195A0 /* Debug */,
				B815886B25436102009195A0 /* Release */,
			);
			defaultConfigurationIsVisible = 0;
			defaultConfigurationName = Release;
		};
		B815886C25436102009195A0 /* Build configuration list for PBXNativeTarget "SpamML" */ = {
			isa = XCConfigurationList;
			buildConfigurations = (
				B815886D25436102009195A0 /* Debug */,
				B815886E25436102009195A0 /* Release */,
			);
			defaultConfigurationIsVisible = 0;
			defaultConfigurationName = Release;
		};
/* End XCConfigurationList section */

/* Begin XCRemoteSwiftPackageReference section */
		B8FA7E6E2544EE9200EAD17E /* XCRemoteSwiftPackageReference "mailcore2" */ = {
			isa = XCRemoteSwiftPackageReference;
			repositoryURL = "https://github.com/MailCore/mailcore2";
			requirement = {
				branch = master;
				kind = branch;
			};
		};
		B8FA7E842544FD2D00EAD17E /* XCRemoteSwiftPackageReference "Reachability" */ = {
			isa = XCRemoteSwiftPackageReference;
			repositoryURL = "https://github.com/ashleymills/Reachability.swift";
			requirement = {
				kind = upToNextMajorVersion;
				minimumVersion = 5.1.0;
			};
		};
/* End XCRemoteSwiftPackageReference section */

/* Begin XCSwiftPackageProductDependency section */
		B8FA7E6F2544EE9200EAD17E /* MailCore2 */ = {
			isa = XCSwiftPackageProductDependency;
			package = B8FA7E6E2544EE9200EAD17E /* XCRemoteSwiftPackageReference "mailcore2" */;
			productName = MailCore2;
		};
		B8FA7E852544FD2D00EAD17E /* Reachability */ = {
			isa = XCSwiftPackageProductDependency;
			package = B8FA7E842544FD2D00EAD17E /* XCRemoteSwiftPackageReference "Reachability" */;
			productName = Reachability;
		};
/* End XCSwiftPackageProductDependency section */
	};
	rootObject = B815883625436101009195A0 /* Project object */;
}
